{
  "nodes": {
    "confctl": {
      "inputs": {
        "nixpkgs": "nixpkgs"
      },
      "locked": {
        "lastModified": 1772270920,
        "narHash": "sha256-BAP/9vslV3eWau8sB+uBPuNEIjvVmzwBjwEZ8KLiIuY=",
        "owner": "vpsfreecz",
        "repo": "confctl",
        "rev": "d157a7fa96f9643af1ccc18671c52e015b36ee12",
        "type": "github"
      },
      "original": {
        "owner": "vpsfreecz",
        "repo": "confctl",
        "type": "github"
      }
    },
    "home-manager": {
      "inputs": {
        "nixpkgs": [
          "nixpkgsStable"
        ]
      },
      "locked": {
        "lastModified": 1772302941,
        "narHash": "sha256-TL3+ckbOTILXrR0qSK3dJj2BJ0S5yz/YSsUF1oEgd9g=",
        "owner": "nix-community",
        "repo": "home-manager",
        "rev": "9b9142b5fe214c2adabe86257c33e022372b7c96",
        "type": "github"
      },
      "original": {
        "owner": "nix-community",
        "ref": "release-25.11",
        "repo": "home-manager",
        "type": "github"
      }
    },
    "home-manager_2": {
      "inputs": {
        "nixpkgs": [
          "vpsadminosProduction",
          "impermanence",
          "nixpkgs"
        ]
      },
      "locked": {
        "lastModified": 1768598210,
        "narHash": "sha256-kkgA32s/f4jaa4UG+2f8C225Qvclxnqs76mf8zvTVPg=",
        "owner": "nix-community",
        "repo": "home-manager",
        "rev": "c47b2cc64a629f8e075de52e4742de688f930dc6",
        "type": "github"
      },
      "original": {
        "owner": "nix-community",
        "repo": "home-manager",
        "type": "github"
      }
    },
    "home-manager_3": {
      "inputs": {
        "nixpkgs": [
          "vpsadminosStaging",
          "impermanence",
          "nixpkgs"
        ]
      },
      "locked": {
        "lastModified": 1768598210,
        "narHash": "sha256-kkgA32s/f4jaa4UG+2f8C225Qvclxnqs76mf8zvTVPg=",
        "owner": "nix-community",
        "repo": "home-manager",
        "rev": "c47b2cc64a629f8e075de52e4742de688f930dc6",
        "type": "github"
      },
      "original": {
        "owner": "nix-community",
        "repo": "home-manager",
        "type": "github"
      }
    },
    "impermanence": {
      "inputs": {
        "home-manager": "home-manager_2",
        "nixpkgs": "nixpkgs_2"
      },
      "locked": {
        "lastModified": 1769548169,
        "narHash": "sha256-03+JxvzmfwRu+5JafM0DLbxgHttOQZkUtDWBmeUkN8Y=",
        "owner": "nix-community",
        "repo": "impermanence",
        "rev": "7b1d382faf603b6d264f58627330f9faa5cba149",
        "type": "github"
      },
      "original": {
        "owner": "nix-community",
        "repo": "impermanence",
        "type": "github"
      }
    },
    "impermanence_2": {
      "inputs": {
        "home-manager": "home-manager_3",
        "nixpkgs": "nixpkgs_3"
      },
      "locked": {
        "lastModified": 1769548169,
        "narHash": "sha256-03+JxvzmfwRu+5JafM0DLbxgHttOQZkUtDWBmeUkN8Y=",
        "owner": "nix-community",
        "repo": "impermanence",
        "rev": "7b1d382faf603b6d264f58627330f9faa5cba149",
        "type": "github"
      },
      "original": {
        "owner": "nix-community",
        "repo": "impermanence",
        "type": "github"
      }
    },
    "nixpkgs": {
      "locked": {
        "lastModified": 1771369470,
        "narHash": "sha256-0NBlEBKkN3lufyvFegY4TYv5mCNHbi5OmBDrzihbBMQ=",
        "owner": "NixOS",
        "repo": "nixpkgs",
        "rev": "0182a361324364ae3f436a63005877674cf45efb",
        "type": "github"
      },
      "original": {
        "owner": "NixOS",
        "ref": "nixos-unstable",
        "repo": "nixpkgs",
        "type": "github"
      }
    },
    "nixpkgsMunin": {
      "locked": {
        "lastModified": 1764621634,
        "narHash": "sha256-p59pZWUVC5cyDkuYSZ6aNacxWZJ33luJwSAPqFs0RCk=",
        "owner": "aither64",
        "repo": "nixpkgs",
        "rev": "58893c976fdbd248f30ca087171b878791de0ed9",
        "type": "github"
      },
      "original": {
        "owner": "aither64",
        "ref": "25.11-munin-fastcgi",
        "repo": "nixpkgs",
        "type": "github"
      }
    },
    "nixpkgsProduction": {
      "locked": {
        "lastModified": 1772047000,
        "narHash": "sha256-7DaQVv4R97cii/Qdfy4tmDZMB2xxtyIvNGSwXBBhSmo=",
        "owner": "NixOS",
        "repo": "nixpkgs",
        "rev": "1267bb4920d0fc06ea916734c11b0bf004bbe17e",
        "type": "github"
      },
      "original": {
        "owner": "NixOS",
        "ref": "nixos-25.11",
        "repo": "nixpkgs",
        "type": "github"
      }
    },
    "nixpkgsStable": {
      "locked": {
        "lastModified": 1772047000,
        "narHash": "sha256-7DaQVv4R97cii/Qdfy4tmDZMB2xxtyIvNGSwXBBhSmo=",
        "owner": "NixOS",
        "repo": "nixpkgs",
        "rev": "1267bb4920d0fc06ea916734c11b0bf004bbe17e",
        "type": "github"
      },
      "original": {
        "owner": "NixOS",
        "ref": "nixos-25.11",
        "repo": "nixpkgs",
        "type": "github"
      }
    },
    "nixpkgsStaging": {
      "locked": {
        "lastModified": 1772047000,
        "narHash": "sha256-7DaQVv4R97cii/Qdfy4tmDZMB2xxtyIvNGSwXBBhSmo=",
        "owner": "NixOS",
        "repo": "nixpkgs",
        "rev": "1267bb4920d0fc06ea916734c11b0bf004bbe17e",
        "type": "github"
      },
      "original": {
        "owner": "NixOS",
        "ref": "nixos-25.11",
        "repo": "nixpkgs",
        "type": "github"
      }
    },
    "nixpkgsUnstable": {
      "locked": {
        "lastModified": 1771848320,
        "narHash": "sha256-0MAd+0mun3K/Ns8JATeHT1sX28faLII5hVLq0L3BdZU=",
        "owner": "NixOS",
        "repo": "nixpkgs",
        "rev": "2fc6539b481e1d2569f25f8799236694180c0993",
        "type": "github"
      },
      "original": {
        "owner": "NixOS",
        "ref": "nixos-unstable",
        "repo": "nixpkgs",
        "type": "github"
      }
    },
    "nixpkgs_2": {
      "locked": {
        "lastModified": 1768564909,
        "narHash": "sha256-Kell/SpJYVkHWMvnhqJz/8DqQg2b6PguxVWOuadbHCc=",
        "owner": "nixos",
        "repo": "nixpkgs",
        "rev": "e4bae1bd10c9c57b2cf517953ab70060a828ee6f",
        "type": "github"
      },
      "original": {
        "owner": "nixos",
        "ref": "nixos-unstable",
        "repo": "nixpkgs",
        "type": "github"
      }
    },
    "nixpkgs_3": {
      "locked": {
        "lastModified": 1768564909,
        "narHash": "sha256-Kell/SpJYVkHWMvnhqJz/8DqQg2b6PguxVWOuadbHCc=",
        "owner": "nixos",
        "repo": "nixpkgs",
        "rev": "e4bae1bd10c9c57b2cf517953ab70060a828ee6f",
        "type": "github"
      },
      "original": {
        "owner": "nixos",
        "ref": "nixos-unstable",
        "repo": "nixpkgs",
        "type": "github"
      }
    },
    "root": {
      "inputs": {
        "confctl": "confctl",
        "home-manager": "home-manager",
        "nixpkgs": [
          "nixpkgsStable"
        ],
        "nixpkgsMunin": "nixpkgsMunin",
        "nixpkgsProduction": "nixpkgsProduction",
        "nixpkgsStable": "nixpkgsStable",
        "nixpkgsStaging": "nixpkgsStaging",
        "nixpkgsUnstable": "nixpkgsUnstable",
        "vpsadminProduction": "vpsadminProduction",
        "vpsadminServices": "vpsadminServices",
        "vpsadminStaging": "vpsadminStaging",
        "vpsadminosProduction": "vpsadminosProduction",
        "vpsadminosStaging": "vpsadminosStaging"
      }
    },
    "vpsadminProduction": {
      "inputs": {
        "nixpkgs": [
          "nixpkgsProduction"
        ],
        "vpsadminos": [
          "vpsadminosProduction"
        ]
      },
      "locked": {
        "lastModified": 1772306802,
        "narHash": "sha256-spOzLKHa5A/mYrKoXwpC7mjga9ZobF90DZ8bmT/ZQss=",
        "owner": "vpsfreecz",
        "repo": "vpsadmin",
        "rev": "6ba0d781a60294a6c8421ad315d126855d122f4d",
        "type": "github"
      },
      "original": {
        "owner": "vpsfreecz",
        "repo": "vpsadmin",
        "type": "github"
      }
    },
    "vpsadminServices": {
      "inputs": {
        "nixpkgs": [
          "nixpkgsStable"
        ],
        "vpsadminos": [
          "vpsadminosStaging"
        ]
      },
      "locked": {
        "lastModified": 1772306802,
        "narHash": "sha256-spOzLKHa5A/mYrKoXwpC7mjga9ZobF90DZ8bmT/ZQss=",
        "owner": "vpsfreecz",
        "repo": "vpsadmin",
        "rev": "6ba0d781a60294a6c8421ad315d126855d122f4d",
        "type": "github"
      },
      "original": {
        "owner": "vpsfreecz",
        "repo": "vpsadmin",
        "type": "github"
      }
    },
    "vpsadminStaging": {
      "inputs": {
        "nixpkgs": [
          "nixpkgsStaging"
        ],
        "vpsadminos": [
          "vpsadminosStaging"
        ]
      },
      "locked": {
        "lastModified": 1772306802,
        "narHash": "sha256-spOzLKHa5A/mYrKoXwpC7mjga9ZobF90DZ8bmT/ZQss=",
        "owner": "vpsfreecz",
        "repo": "vpsadmin",
        "rev": "6ba0d781a60294a6c8421ad315d126855d122f4d",
        "type": "github"
      },
      "original": {
        "owner": "vpsfreecz",
        "repo": "vpsadmin",
        "type": "github"
      }
    },
    "vpsadminosProduction": {
      "inputs": {
        "impermanence": "impermanence",
        "nixpkgs": [
          "nixpkgsProduction"
        ]
      },
      "locked": {
        "lastModified": 1772309524,
        "narHash": "sha256-cb9tRRGO0UlPmGaHNiK3yYo0sOWV0aLSQ4szcOdZe9I=",
        "owner": "vpsfreecz",
        "repo": "vpsadminos",
        "rev": "84d49f6b208c2980d38bdf95c9ad10eb1c2079f8",
        "type": "github"
      },
      "original": {
        "owner": "vpsfreecz",
        "repo": "vpsadminos",
        "type": "github"
      }
    },
    "vpsadminosStaging": {
      "inputs": {
        "impermanence": "impermanence_2",
        "nixpkgs": [
          "nixpkgsStaging"
        ]
      },
      "locked": {
        "lastModified": 1772309524,
        "narHash": "sha256-cb9tRRGO0UlPmGaHNiK3yYo0sOWV0aLSQ4szcOdZe9I=",
        "owner": "vpsfreecz",
        "repo": "vpsadminos",
        "rev": "84d49f6b208c2980d38bdf95c9ad10eb1c2079f8",
        "type": "github"
      },
      "original": {
        "owner": "vpsfreecz",
        "repo": "vpsadminos",
        "type": "github"
      }
    }
  },
  "root": "root",
  "version": 7
}
