{
  "nodes": {
    "blueprint": {
      "inputs": {
        "nixpkgs": [
          "llm-agents",
          "nixpkgs"
        ],
        "systems": [
          "llm-agents",
          "systems"
        ]
      },
      "locked": {
        "lastModified": 1776249299,
        "narHash": "sha256-Dt9t1TGRmJFc0xVYhttNBD6QsAgHOHCArqGa0AyjrJY=",
        "owner": "numtide",
        "repo": "blueprint",
        "rev": "56131e8628f173d24a27f6d27c0215eff57e40dd",
        "type": "github"
      },
      "original": {
        "owner": "numtide",
        "repo": "blueprint",
        "type": "github"
      }
    },
    "bun2nix": {
      "inputs": {
        "flake-parts": [
          "llm-agents",
          "flake-parts"
        ],
        "nixpkgs": [
          "llm-agents",
          "nixpkgs"
        ],
        "systems": [
          "llm-agents",
          "systems"
        ],
        "treefmt-nix": [
          "llm-agents",
          "treefmt-nix"
        ]
      },
      "locked": {
        "lastModified": 1777369708,
        "narHash": "sha256-1xW7cRZNsFNPQD+cE0fwnLVStnDth0HSoASEIFeT7uI=",
        "owner": "nix-community",
        "repo": "bun2nix",
        "rev": "e659e1cc4b8e1b21d0aa85f1c481f9db61ecfa98",
        "type": "github"
      },
      "original": {
        "owner": "nix-community",
        "ref": "staging-2.1.0",
        "repo": "bun2nix",
        "type": "github"
      }
    },
    "confctl": {
      "inputs": {
        "nixpkgs": [
          "confctl",
          "vpsadminos",
          "nixpkgs"
        ],
        "vpsadminos": "vpsadminos"
      },
      "locked": {
        "lastModified": 1777911386,
        "narHash": "sha256-/QDOKrjBLaEcaE1SzrgxnTy3TFGAJ0h3x4aB1GUuMGc=",
        "owner": "vpsfreecz",
        "repo": "confctl",
        "rev": "c486e12de80e483d4f51e450f759314a7b3b083e",
        "type": "github"
      },
      "original": {
        "owner": "vpsfreecz",
        "repo": "confctl",
        "type": "github"
      }
    },
    "flake-parts": {
      "inputs": {
        "nixpkgs-lib": [
          "llm-agents",
          "nixpkgs"
        ]
      },
      "locked": {
        "lastModified": 1777932387,
        "narHash": "sha256-nUYVPiqrzr36ThiQOAr5MKeGHDBSDM3OFWkz0uDjOvc=",
        "owner": "hercules-ci",
        "repo": "flake-parts",
        "rev": "71a3a77326609675e9f8b51084cf23d5d1945899",
        "type": "github"
      },
      "original": {
        "owner": "hercules-ci",
        "repo": "flake-parts",
        "type": "github"
      }
    },
    "home-manager": {
      "inputs": {
        "nixpkgs": [
          "confctl",
          "vpsadminos",
          "impermanence",
          "nixpkgs"
        ]
      },
      "locked": {
        "lastModified": 1768598210,
        "narHash": "sha256-kkgA32s/f4jaa4UG+2f8C225Qvclxnqs76mf8zvTVPg=",
        "owner": "nix-community",
        "repo": "home-manager",
        "rev": "c47b2cc64a629f8e075de52e4742de688f930dc6",
        "type": "github"
      },
      "original": {
        "owner": "nix-community",
        "repo": "home-manager",
        "type": "github"
      }
    },
    "home-manager_2": {
      "inputs": {
        "nixpkgs": [
          "nixpkgsStable"
        ]
      },
      "locked": {
        "lastModified": 1772302941,
        "narHash": "sha256-TL3+ckbOTILXrR0qSK3dJj2BJ0S5yz/YSsUF1oEgd9g=",
        "owner": "nix-community",
        "repo": "home-manager",
        "rev": "9b9142b5fe214c2adabe86257c33e022372b7c96",
        "type": "github"
      },
      "original": {
        "owner": "nix-community",
        "ref": "release-25.11",
        "repo": "home-manager",
        "type": "github"
      }
    },
    "home-manager_3": {
      "inputs": {
        "nixpkgs": [
          "vpsadminosOsStaging",
          "impermanence",
          "nixpkgs"
        ]
      },
      "locked": {
        "lastModified": 1768598210,
        "narHash": "sha256-kkgA32s/f4jaa4UG+2f8C225Qvclxnqs76mf8zvTVPg=",
        "owner": "nix-community",
        "repo": "home-manager",
        "rev": "c47b2cc64a629f8e075de52e4742de688f930dc6",
        "type": "github"
      },
      "original": {
        "owner": "nix-community",
        "repo": "home-manager",
        "type": "github"
      }
    },
    "home-manager_4": {
      "inputs": {
        "nixpkgs": [
          "vpsadminosProduction",
          "impermanence",
          "nixpkgs"
        ]
      },
      "locked": {
        "lastModified": 1768598210,
        "narHash": "sha256-kkgA32s/f4jaa4UG+2f8C225Qvclxnqs76mf8zvTVPg=",
        "owner": "nix-community",
        "repo": "home-manager",
        "rev": "c47b2cc64a629f8e075de52e4742de688f930dc6",
        "type": "github"
      },
      "original": {
        "owner": "nix-community",
        "repo": "home-manager",
        "type": "github"
      }
    },
    "home-manager_5": {
      "inputs": {
        "nixpkgs": [
          "vpsadminosStaging",
          "impermanence",
          "nixpkgs"
        ]
      },
      "locked": {
        "lastModified": 1768598210,
        "narHash": "sha256-kkgA32s/f4jaa4UG+2f8C225Qvclxnqs76mf8zvTVPg=",
        "owner": "nix-community",
        "repo": "home-manager",
        "rev": "c47b2cc64a629f8e075de52e4742de688f930dc6",
        "type": "github"
      },
      "original": {
        "owner": "nix-community",
        "repo": "home-manager",
        "type": "github"
      }
    },
    "impermanence": {
      "inputs": {
        "home-manager": "home-manager",
        "nixpkgs": "nixpkgs"
      },
      "locked": {
        "lastModified": 1769548169,
        "narHash": "sha256-03+JxvzmfwRu+5JafM0DLbxgHttOQZkUtDWBmeUkN8Y=",
        "owner": "nix-community",
        "repo": "impermanence",
        "rev": "7b1d382faf603b6d264f58627330f9faa5cba149",
        "type": "github"
      },
      "original": {
        "owner": "nix-community",
        "repo": "impermanence",
        "type": "github"
      }
    },
    "impermanence_2": {
      "inputs": {
        "home-manager": "home-manager_3",
        "nixpkgs": "nixpkgs_4"
      },
      "locked": {
        "lastModified": 1769548169,
        "narHash": "sha256-03+JxvzmfwRu+5JafM0DLbxgHttOQZkUtDWBmeUkN8Y=",
        "owner": "nix-community",
        "repo": "impermanence",
        "rev": "7b1d382faf603b6d264f58627330f9faa5cba149",
        "type": "github"
      },
      "original": {
        "owner": "nix-community",
        "repo": "impermanence",
        "type": "github"
      }
    },
    "impermanence_3": {
      "inputs": {
        "home-manager": "home-manager_4",
        "nixpkgs": "nixpkgs_5"
      },
      "locked": {
        "lastModified": 1769548169,
        "narHash": "sha256-03+JxvzmfwRu+5JafM0DLbxgHttOQZkUtDWBmeUkN8Y=",
        "owner": "nix-community",
        "repo": "impermanence",
        "rev": "7b1d382faf603b6d264f58627330f9faa5cba149",
        "type": "github"
      },
      "original": {
        "owner": "nix-community",
        "repo": "impermanence",
        "type": "github"
      }
    },
    "impermanence_4": {
      "inputs": {
        "home-manager": "home-manager_5",
        "nixpkgs": "nixpkgs_6"
      },
      "locked": {
        "lastModified": 1769548169,
        "narHash": "sha256-03+JxvzmfwRu+5JafM0DLbxgHttOQZkUtDWBmeUkN8Y=",
        "owner": "nix-community",
        "repo": "impermanence",
        "rev": "7b1d382faf603b6d264f58627330f9faa5cba149",
        "type": "github"
      },
      "original": {
        "owner": "nix-community",
        "repo": "impermanence",
        "type": "github"
      }
    },
    "llm-agents": {
      "inputs": {
        "blueprint": "blueprint",
        "bun2nix": "bun2nix",
        "flake-parts": "flake-parts",
        "nixpkgs": "nixpkgs_3",
        "systems": "systems",
        "treefmt-nix": "treefmt-nix"
      },
      "locked": {
        "lastModified": 1777958046,
        "narHash": "sha256-ake1nqFgKstRazw4OwxeOLMjTsN3sF+3IwWs9RrsS3A=",
        "owner": "numtide",
        "repo": "llm-agents.nix",
        "rev": "8e1a8e0fde8d660cf18e042d6daf7cea3f8f8e86",
        "type": "github"
      },
      "original": {
        "owner": "numtide",
        "repo": "llm-agents.nix",
        "type": "github"
      }
    },
    "nixpkgs": {
      "locked": {
        "lastModified": 1768564909,
        "narHash": "sha256-Kell/SpJYVkHWMvnhqJz/8DqQg2b6PguxVWOuadbHCc=",
        "owner": "nixos",
        "repo": "nixpkgs",
        "rev": "e4bae1bd10c9c57b2cf517953ab70060a828ee6f",
        "type": "github"
      },
      "original": {
        "owner": "nixos",
        "ref": "nixos-unstable",
        "repo": "nixpkgs",
        "type": "github"
      }
    },
    "nixpkgsMunin": {
      "locked": {
        "lastModified": 1764621634,
        "narHash": "sha256-p59pZWUVC5cyDkuYSZ6aNacxWZJ33luJwSAPqFs0RCk=",
        "owner": "aither64",
        "repo": "nixpkgs",
        "rev": "58893c976fdbd248f30ca087171b878791de0ed9",
        "type": "github"
      },
      "original": {
        "owner": "aither64",
        "ref": "25.11-munin-fastcgi",
        "repo": "nixpkgs",
        "type": "github"
      }
    },
    "nixpkgsProduction": {
      "locked": {
        "lastModified": 1778003029,
        "narHash": "sha256-q/nkKLDtHIyLjZpKhWk3cSK5IYsFqtMd6UtXF3ddjgA=",
        "owner": "NixOS",
        "repo": "nixpkgs",
        "rev": "0c88e1f2bdb93d5999019e99cb0e61e1fe2af4c5",
        "type": "github"
      },
      "original": {
        "owner": "NixOS",
        "ref": "nixos-25.11",
        "repo": "nixpkgs",
        "type": "github"
      }
    },
    "nixpkgsStable": {
      "locked": {
        "lastModified": 1778003029,
        "narHash": "sha256-q/nkKLDtHIyLjZpKhWk3cSK5IYsFqtMd6UtXF3ddjgA=",
        "owner": "NixOS",
        "repo": "nixpkgs",
        "rev": "0c88e1f2bdb93d5999019e99cb0e61e1fe2af4c5",
        "type": "github"
      },
      "original": {
        "owner": "NixOS",
        "ref": "nixos-25.11",
        "repo": "nixpkgs",
        "type": "github"
      }
    },
    "nixpkgsStaging": {
      "locked": {
        "lastModified": 1778003029,
        "narHash": "sha256-q/nkKLDtHIyLjZpKhWk3cSK5IYsFqtMd6UtXF3ddjgA=",
        "owner": "NixOS",
        "repo": "nixpkgs",
        "rev": "0c88e1f2bdb93d5999019e99cb0e61e1fe2af4c5",
        "type": "github"
      },
      "original": {
        "owner": "NixOS",
        "ref": "nixos-25.11",
        "repo": "nixpkgs",
        "type": "github"
      }
    },
    "nixpkgsUnstable": {
      "locked": {
        "lastModified": 1777578337,
        "narHash": "sha256-Ad49moKWeXtKBJNy2ebiTQUEgdLyvGmTeykAQ9xM+Z4=",
        "owner": "NixOS",
        "repo": "nixpkgs",
        "rev": "15f4ee454b1dce334612fa6843b3e05cf546efab",
        "type": "github"
      },
      "original": {
        "owner": "NixOS",
        "ref": "nixos-unstable",
        "repo": "nixpkgs",
        "type": "github"
      }
    },
    "nixpkgsUnstable_2": {
      "locked": {
        "lastModified": 1777954456,
        "narHash": "sha256-hGdgeU2Nk87RAuZyYjyDjFL6LK7dAZN5RE9+hrDTkDU=",
        "owner": "NixOS",
        "repo": "nixpkgs",
        "rev": "549bd84d6279f9852cae6225e372cc67fb91a4c1",
        "type": "github"
      },
      "original": {
        "owner": "NixOS",
        "ref": "nixos-unstable",
        "repo": "nixpkgs",
        "type": "github"
      }
    },
    "nixpkgs_2": {
      "locked": {
        "lastModified": 1777673416,
        "narHash": "sha256-5c2POKPOjU40Kh0MirOdScBLG0bu9TAuPYAtPRNZMBs=",
        "owner": "NixOS",
        "repo": "nixpkgs",
        "rev": "26ef669cffa904b6f6832ab57b77892a37c1a671",
        "type": "github"
      },
      "original": {
        "owner": "NixOS",
        "ref": "nixos-25.11",
        "repo": "nixpkgs",
        "type": "github"
      }
    },
    "nixpkgs_3": {
      "locked": {
        "lastModified": 1777826146,
        "narHash": "sha256-wQ/iN5Zp5VIa3ebBibijPnLyKhor+xEbDy4d0goa9Zs=",
        "owner": "NixOS",
        "repo": "nixpkgs",
        "rev": "73c703c22422b8951895a960959dbbaca7296492",
        "type": "github"
      },
      "original": {
        "owner": "NixOS",
        "ref": "nixpkgs-unstable",
        "repo": "nixpkgs",
        "type": "github"
      }
    },
    "nixpkgs_4": {
      "locked": {
        "lastModified": 1768564909,
        "narHash": "sha256-Kell/SpJYVkHWMvnhqJz/8DqQg2b6PguxVWOuadbHCc=",
        "owner": "nixos",
        "repo": "nixpkgs",
        "rev": "e4bae1bd10c9c57b2cf517953ab70060a828ee6f",
        "type": "github"
      },
      "original": {
        "owner": "nixos",
        "ref": "nixos-unstable",
        "repo": "nixpkgs",
        "type": "github"
      }
    },
    "nixpkgs_5": {
      "locked": {
        "lastModified": 1768564909,
        "narHash": "sha256-Kell/SpJYVkHWMvnhqJz/8DqQg2b6PguxVWOuadbHCc=",
        "owner": "nixos",
        "repo": "nixpkgs",
        "rev": "e4bae1bd10c9c57b2cf517953ab70060a828ee6f",
        "type": "github"
      },
      "original": {
        "owner": "nixos",
        "ref": "nixos-unstable",
        "repo": "nixpkgs",
        "type": "github"
      }
    },
    "nixpkgs_6": {
      "locked": {
        "lastModified": 1768564909,
        "narHash": "sha256-Kell/SpJYVkHWMvnhqJz/8DqQg2b6PguxVWOuadbHCc=",
        "owner": "nixos",
        "repo": "nixpkgs",
        "rev": "e4bae1bd10c9c57b2cf517953ab70060a828ee6f",
        "type": "github"
      },
      "original": {
        "owner": "nixos",
        "ref": "nixos-unstable",
        "repo": "nixpkgs",
        "type": "github"
      }
    },
    "root": {
      "inputs": {
        "confctl": "confctl",
        "home-manager": "home-manager_2",
        "llm-agents": "llm-agents",
        "nixpkgs": [
          "nixpkgsStable"
        ],
        "nixpkgsMunin": "nixpkgsMunin",
        "nixpkgsProduction": "nixpkgsProduction",
        "nixpkgsStable": "nixpkgsStable",
        "nixpkgsStaging": "nixpkgsStaging",
        "nixpkgsUnstable": "nixpkgsUnstable_2",
        "vpsadminProduction": "vpsadminProduction",
        "vpsadminServices": "vpsadminServices",
        "vpsadminStaging": "vpsadminStaging",
        "vpsadminosOsStaging": "vpsadminosOsStaging",
        "vpsadminosProduction": "vpsadminosProduction",
        "vpsadminosStaging": "vpsadminosStaging",
        "vpsfStatus": "vpsfStatus",
        "vpsfreeWeb": "vpsfreeWeb"
      }
    },
    "systems": {
      "locked": {
        "lastModified": 1681028828,
        "narHash": "sha256-Vy1rq5AaRuLzOxct8nz4T6wlgyUR7zLU309k9mBC768=",
        "owner": "nix-systems",
        "repo": "default",
        "rev": "da67096a3b9bf56a91d16901293e51ba5b49a27e",
        "type": "github"
      },
      "original": {
        "owner": "nix-systems",
        "repo": "default",
        "type": "github"
      }
    },
    "treefmt-nix": {
      "inputs": {
        "nixpkgs": [
          "llm-agents",
          "nixpkgs"
        ]
      },
      "locked": {
        "lastModified": 1775636079,
        "narHash": "sha256-pc20NRoMdiar8oPQceQT47UUZMBTiMdUuWrYu2obUP0=",
        "owner": "numtide",
        "repo": "treefmt-nix",
        "rev": "790751ff7fd3801feeaf96d7dc416a8d581265ba",
        "type": "github"
      },
      "original": {
        "owner": "numtide",
        "repo": "treefmt-nix",
        "type": "github"
      }
    },
    "vpsadminProduction": {
      "inputs": {
        "nixpkgs": [
          "nixpkgsProduction"
        ],
        "vpsadminos": [
          "vpsadminosProduction"
        ]
      },
      "locked": {
        "lastModified": 1778002451,
        "narHash": "sha256-wKyvX+iUz8GSICQClOMmYQJm/YylJdTv13llhvgHDtA=",
        "owner": "vpsfreecz",
        "repo": "vpsadmin",
        "rev": "9aa5412d34ff8ff0beeb33dd92b5d6c6c645f4fa",
        "type": "github"
      },
      "original": {
        "owner": "vpsfreecz",
        "repo": "vpsadmin",
        "type": "github"
      }
    },
    "vpsadminServices": {
      "inputs": {
        "nixpkgs": [
          "nixpkgsStable"
        ],
        "vpsadminos": [
          "vpsadminosStaging"
        ]
      },
      "locked": {
        "lastModified": 1777125976,
        "narHash": "sha256-1sFWFVCWj04FieevzrnC1ukAbAUKloSPZ9KReiKLI0Y=",
        "owner": "vpsfreecz",
        "repo": "vpsadmin",
        "rev": "9ea1b6084d57d4e8b4738ca73b43d56c3ab6fa9b",
        "type": "github"
      },
      "original": {
        "owner": "vpsfreecz",
        "repo": "vpsadmin",
        "type": "github"
      }
    },
    "vpsadminStaging": {
      "inputs": {
        "nixpkgs": [
          "nixpkgsStaging"
        ],
        "vpsadminos": [
          "vpsadminosStaging"
        ]
      },
      "locked": {
        "lastModified": 1778002451,
        "narHash": "sha256-wKyvX+iUz8GSICQClOMmYQJm/YylJdTv13llhvgHDtA=",
        "owner": "vpsfreecz",
        "repo": "vpsadmin",
        "rev": "9aa5412d34ff8ff0beeb33dd92b5d6c6c645f4fa",
        "type": "github"
      },
      "original": {
        "owner": "vpsfreecz",
        "repo": "vpsadmin",
        "type": "github"
      }
    },
    "vpsadminos": {
      "inputs": {
        "impermanence": "impermanence",
        "nixpkgs": "nixpkgs_2",
        "nixpkgsUnstable": "nixpkgsUnstable"
      },
      "locked": {
        "lastModified": 1777873711,
        "narHash": "sha256-s4ZbPpZkzMPBwZn/sPhNK8y000DBNurfbdEekVISz84=",
        "owner": "vpsfreecz",
        "repo": "vpsadminos",
        "rev": "a169291a51b9a5d1cab3e084d3b6a1c0280a10b3",
        "type": "github"
      },
      "original": {
        "owner": "vpsfreecz",
        "repo": "vpsadminos",
        "type": "github"
      }
    },
    "vpsadminosOsStaging": {
      "inputs": {
        "impermanence": "impermanence_2",
        "nixpkgs": [
          "nixpkgsStable"
        ],
        "nixpkgsUnstable": [
          "nixpkgsUnstable"
        ]
      },
      "locked": {
        "lastModified": 1777988264,
        "narHash": "sha256-fTteslz+sQtCsO6yuQBSqIbaWZD3mYB6krFpCmmtsIo=",
        "owner": "vpsfreecz",
        "repo": "vpsadminos",
        "rev": "00770335f65d89df509302d0ef1160038ae40c50",
        "type": "github"
      },
      "original": {
        "owner": "vpsfreecz",
        "repo": "vpsadminos",
        "type": "github"
      }
    },
    "vpsadminosProduction": {
      "inputs": {
        "impermanence": "impermanence_3",
        "nixpkgs": [
          "nixpkgsProduction"
        ],
        "nixpkgsUnstable": [
          "nixpkgsUnstable"
        ]
      },
      "locked": {
        "lastModified": 1777988264,
        "narHash": "sha256-fTteslz+sQtCsO6yuQBSqIbaWZD3mYB6krFpCmmtsIo=",
        "owner": "vpsfreecz",
        "repo": "vpsadminos",
        "rev": "00770335f65d89df509302d0ef1160038ae40c50",
        "type": "github"
      },
      "original": {
        "owner": "vpsfreecz",
        "repo": "vpsadminos",
        "type": "github"
      }
    },
    "vpsadminosStaging": {
      "inputs": {
        "impermanence": "impermanence_4",
        "nixpkgs": [
          "nixpkgsStaging"
        ],
        "nixpkgsUnstable": [
          "nixpkgsUnstable"
        ]
      },
      "locked": {
        "lastModified": 1777988264,
        "narHash": "sha256-fTteslz+sQtCsO6yuQBSqIbaWZD3mYB6krFpCmmtsIo=",
        "owner": "vpsfreecz",
        "repo": "vpsadminos",
        "rev": "00770335f65d89df509302d0ef1160038ae40c50",
        "type": "github"
      },
      "original": {
        "owner": "vpsfreecz",
        "repo": "vpsadminos",
        "type": "github"
      }
    },
    "vpsfStatus": {
      "inputs": {
        "nixpkgs": [
          "nixpkgsStable"
        ]
      },
      "locked": {
        "lastModified": 1778014697,
        "narHash": "sha256-hcYEjUYjqspA1a7sALdTluNuryVm72uovUHe1oDPJ8I=",
        "owner": "vpsfreecz",
        "repo": "vpsf-status",
        "rev": "dac2221b25ff34dc2f7b62e983cdb70c439271de",
        "type": "github"
      },
      "original": {
        "owner": "vpsfreecz",
        "repo": "vpsf-status",
        "type": "github"
      }
    },
    "vpsfreeWeb": {
      "flake": false,
      "locked": {
        "lastModified": 1773856302,
        "narHash": "sha256-mIihzDsJSdonIYkCXGrFImFqyHDe6T5J9o+aXtY/u00=",
        "owner": "vpsfreecz",
        "repo": "web",
        "rev": "fe485121bf16002e9441a8f03d700ddaa04a3001",
        "type": "github"
      },
      "original": {
        "owner": "vpsfreecz",
        "repo": "web",
        "type": "github"
      }
    }
  },
  "root": "root",
  "version": 7
}
