GIT
  remote: https://github.com/vpsfreecz/ssh-exporter.git
  revision: c1b481a68e00d90802aeb36730c68a19f3c17711
  ref: c1b481a68e00d90802aeb36730c68a19f3c17711
  specs:
    ssh-exporter (0.3.2)
      prometheus-client (~> 4.2.5)
      puma (~> 8.0, >= 8.0.2)
      rack (~> 3.2)

GEM
  remote: https://rubygems.org/
  specs:
    base64 (0.3.0)
    nio4r (2.7.5)
    prometheus-client (4.2.5)
      base64
    puma (8.0.2)
      nio4r (~> 2.0)
    rack (3.2.6)

PLATFORMS
  ruby
  x86_64-linux

DEPENDENCIES
  ssh-exporter!

BUNDLED WITH
   2.7.2
