GIT
  remote: https://github.com/vpsfreecz/syslog-exporter.git
  revision: 7c5a8e74e44a704cceb99cd05716af6800d78efd
  ref: 7c5a8e74e44a704cceb99cd05716af6800d78efd
  specs:
    syslog-exporter (0.13.4)
      prometheus-client (~> 4.2.5)
      puma (~> 8.0, >= 8.0.2)
      rack (~> 3.2)

GEM
  remote: https://rubygems.org/
  specs:
    base64 (0.3.0)
    nio4r (2.7.5)
    prometheus-client (4.2.5)
      base64
    puma (8.0.2)
      nio4r (~> 2.0)
    rack (3.2.6)

PLATFORMS
  ruby
  x86_64-linux

DEPENDENCIES
  syslog-exporter!

BUNDLED WITH
   2.7.2
