GIT
  remote: https://github.com/vpsfreecz/syslog-exporter.git
  revision: f3f7a7aeb31f2ee8c850ebe5f8cda42c3587f052
  ref: f3f7a7aeb31f2ee8c850ebe5f8cda42c3587f052
  specs:
    syslog-exporter (0.13.3)
      prometheus-client (~> 4.2.2)
      puma (~> 6.4)
      rack (~> 3.1)

GEM
  remote: https://rubygems.org/
  specs:
    base64 (0.3.0)
    nio4r (2.7.5)
    prometheus-client (4.2.5)
      base64
    puma (6.6.1)
      nio4r (~> 2.0)
    rack (3.2.6)

PLATFORMS
  ruby
  x86_64-linux

DEPENDENCIES
  syslog-exporter!

BUNDLED WITH
  4.0.14
